{
  "name": "grapgmaker",
  "version": "1.0.0",
  "lockfileVersion": 2,
  "requires": true,
  "packages": {
    "": {
      "name": "grapgmaker",
      "version": "1.0.0",
      "license": "ISC",
      "dependencies": {
        "indoorjs": "^1.0.27"
      }
    },
    "node_modules/eventemitter2": {
      "version": "5.0.1",
      "resolved": "https://registry.npmjs.org/eventemitter2/-/eventemitter2-5.0.1.tgz",
      "integrity": "sha512-5EM1GHXycJBS6mauYAbVKT1cVs7POKWb2NXD4Vyt8dDqeZa7LaDK1/sjtL+Zb0lzTpSNil4596Dyu97hz37QLg=="
    },
    "node_modules/fabric-pure-browser": {
      "version": "3.6.1",
      "resolved": "https://registry.npmjs.org/fabric-pure-browser/-/fabric-pure-browser-3.6.1.tgz",
      "integrity": "sha512-d0PIYs9c2xyo70IlxvqoSGWL2SBKo17DiRbQf16dHwdGWGsL0+07xYhxIBaJFZcNB1cnJmk9x7pTxkHBxCeiLg==",
      "engines": {
        "node": ">=8.0.0"
      }
    },
    "node_modules/indoorjs": {
      "version": "1.0.27",
      "resolved": "https://registry.npmjs.org/indoorjs/-/indoorjs-1.0.27.tgz",
      "integrity": "sha512-1SmaNYCfkQWc4LKT68NTdTTo2qN9aMizMfg7X5v/zHK+079dviv6ArWbAqza5b1L+YNmjYkCw59elsUix4vdUQ==",
      "dependencies": {
        "eventemitter2": "^5.0.1",
        "fabric-pure-browser": "^3.4.0"
      }
    }
  },
  "dependencies": {
    "eventemitter2": {
      "version": "5.0.1",
      "resolved": "https://registry.npmjs.org/eventemitter2/-/eventemitter2-5.0.1.tgz",
      "integrity": "sha512-5EM1GHXycJBS6mauYAbVKT1cVs7POKWb2NXD4Vyt8dDqeZa7LaDK1/sjtL+Zb0lzTpSNil4596Dyu97hz37QLg=="
    },
    "fabric-pure-browser": {
      "version": "3.6.1",
      "resolved": "https://registry.npmjs.org/fabric-pure-browser/-/fabric-pure-browser-3.6.1.tgz",
      "integrity": "sha512-d0PIYs9c2xyo70IlxvqoSGWL2SBKo17DiRbQf16dHwdGWGsL0+07xYhxIBaJFZcNB1cnJmk9x7pTxkHBxCeiLg=="
    },
    "indoorjs": {
      "version": "1.0.27",
      "resolved": "https://registry.npmjs.org/indoorjs/-/indoorjs-1.0.27.tgz",
      "integrity": "sha512-1SmaNYCfkQWc4LKT68NTdTTo2qN9aMizMfg7X5v/zHK+079dviv6ArWbAqza5b1L+YNmjYkCw59elsUix4vdUQ==",
      "requires": {
        "eventemitter2": "^5.0.1",
        "fabric-pure-browser": "^3.4.0"
      }
    }
  }
}
